{"filter":false,"title":"Gemfile.lock","tooltip":"/Gemfile.lock","ace":{"folds":[],"scrolltop":4724,"scrollleft":0,"selection":{"start":{"row":305,"column":9},"end":{"row":305,"column":9},"isBackwards":false},"options":{"guessTabSize":true,"useWrapMode":false,"wrapToView":true},"firstLineState":0,"cleansed":true},"hash":"755f9f0430692819d45e5a2db98ff4113e865e0a","undoManager":{"mark":-1,"position":-1,"stack":[]},"timestamp":1442679150000}